
Microsoft Visual Studio Solution File, Format Version 12.00
# Visual Studio Version 17
VisualStudioVersion = 17.5.33424.131
MinimumVisualStudioVersion = 10.0.40219.1
Project("{FAE04EC0-301F-11D3-BF4B-00C04F79EFBC}") = "Browser++", "Browser++\Browser++.csproj", "{D6FBAF54-9F2E-40EA-AE54-F47D4E465220}"
EndProject
Global
	GlobalSection(SolutionConfigurationPlatforms) = preSolution
		Debug|Any CPU = Debug|Any CPU
		Release|Any CPU = Release|Any CPU
	EndGlobalSection
	GlobalSection(ProjectConfigurationPlatforms) = postSolution
		{D6FBAF54-9F2E-40EA-AE54-F47D4E465220}.Debug|Any CPU.ActiveCfg = Debug|Any CPU
		{D6FBAF54-9F2E-40EA-AE54-F47D4E465220}.Debug|Any CPU.Build.0 = Debug|Any CPU
		{D6FBAF54-9F2E-40EA-AE54-F47D4E465220}.Release|Any CPU.ActiveCfg = Release|Any CPU
		{D6FBAF54-9F2E-40EA-AE54-F47D4E465220}.Release|Any CPU.Build.0 = Release|Any CPU
	EndGlobalSection
	GlobalSection(SolutionProperties) = preSolution
		HideSolutionNode = FALSE
	EndGlobalSection
	GlobalSection(ExtensibilityGlobals) = postSolution
		SolutionGuid = {02C24038-F7D2-48A9-AF74-FCF356C90D61}
	EndGlobalSection
EndGlobal
